#
# This file is autogenerated by pip-compile with Python 3.11
# by the following command:
#
#    pip-compile --output-file=requirements.lock requirements.txt
#
--index-url http://artifactory.uber.internal:4587/artifactory/api/pypi/pypi/simple/
--trusted-host artifactory.uber.internal

black==25.1.0
    # via -r requirements.txt
click==8.2.1
    # via black
isort==6.0.1
    # via -r requirements.txt
mypy-extensions==1.1.0
    # via black
packaging==25.0
    # via black
pathspec==0.12.1
    # via black
platformdirs==4.3.8
    # via black
tqdm==4.67.1
    # via -r requirements.txt
